github.com/BurntSushi/toml v0.3.1 h1:WXkYYl6Yr3qBf1K79EBnL4mak0OimBfB0XUf9Vl28OQ=
github.com/BurntSushi/toml v0.3.1/go.mod h1:xHWCNGjB5oqiDr8zfno3MHue2Ht5sIBksp03qcyfWMU=
github.com/clmul/checksum v0.1.0 h1:gpdlHDQUON0hoWiwi7AWzQkRO3LTCi4cnbDRS0afQ6A=
github.com/clmul/checksum v0.1.0/go.mod h1:txsvWmkjZfYFNPcWiawnORO9p53McHNux8Qp6FkGN2A=
github.com/clmul/socks5 v0.0.0-20180327061726-1a1592f2b65e h1:KsKSEFpzAUtohQvueJ6lFWh5/0xxgHGL2mQsj+gRrNw=
github.com/clmul/socks5 v0.0.0-20180327061726-1a1592f2b65e/go.mod h1:JfUxtq3VRg47v814uagHvL0fabp3ebu/HWWGuvOFcjA=
github.com/clmul/water v0.0.2 h1:X+av+AA3wd5BvD99dfo8+NuD+D41sA6oCah7yb3b3/w=
github.com/clmul/water v0.0.2/go.mod h1:RGvahxqU0pUa/eYP3bPwoq99oBK8uOK8Jlf8UHwo5bw=
github.com/google/go-cmp v0.5.6 h1:BKbKCqvP6I+rmFHt06ZmyQtvB8xAkWdhFyr0ZUNZcxQ=
github.com/google/go-cmp v0.5.6/go.mod h1:v8dTdLbMG2kIc/vJvl+f65V22dbkXbowE6jgT/gNBxE=
golang.org/x/sys v0.0.0-20191104094858-e8c54fb511f6/go.mod h1:h1NjWce9XRLGQEsW7wpKNCjG9DtNlClVuFLEZdDNbEs=
golang.org/x/sys v0.0.0-20220610221304-9f5ed59c137d h1:Zu/JngovGLVi6t2J3nmAf3AoTDwuzw85YZ3b9o4yU7s=
golang.org/x/sys v0.0.0-20220610221304-9f5ed59c137d/go.mod h1:oPkhp1MJrh7nUepCBck5+mAzfO9JrbApNNgaTdGDITg=
golang.org/x/xerrors v0.0.0-20191204190536-9bdfabe68543/go.mod h1:I/5z698sn9Ka8TeJc9MKroUUfqBBauWjQqLJ2OPfmY0=
golang.org/x/xerrors v0.0.0-20220609144429-65e65417b02f h1:uF6paiQQebLeSXkrTqHqz0MXhXXS1KgF41eUdBNvxK0=
golang.org/x/xerrors v0.0.0-20220609144429-65e65417b02f/go.mod h1:K8+ghG5WaK9qNqU5K3HdILfMLy1f3aNYFI/wnl100a8=
