github.com/BurntSushi/toml v0.3.1 h1:WXkYYl6Yr3qBf1K79EBnL4mak0OimBfB0XUf9Vl28OQ=
github.com/BurntSushi/toml v0.3.1/go.mod h1:xHWCNGjB5oqiDr8zfno3MHue2Ht5sIBksp03qcyfWMU=
github.com/clmul/checksum v0.1.0 h1:gpdlHDQUON0hoWiwi7AWzQkRO3LTCi4cnbDRS0afQ6A=
github.com/clmul/checksum v0.1.0/go.mod h1:txsvWmkjZfYFNPcWiawnORO9p53McHNux8Qp6FkGN2A=
github.com/clmul/socks5 v0.0.0-20180327061726-1a1592f2b65e h1:KsKSEFpzAUtohQvueJ6lFWh5/0xxgHGL2mQsj+gRrNw=
github.com/clmul/socks5 v0.0.0-20180327061726-1a1592f2b65e/go.mod h1:JfUxtq3VRg47v814uagHvL0fabp3ebu/HWWGuvOFcjA=
github.com/clmul/water v0.0.3-0.20241103015558-a0f0a99ed0d9 h1:GlfCF8o1gXk7OWz8EKQkzquEuAtm+7v61mGiFE3Baus=
github.com/clmul/water v0.0.3-0.20241103015558-a0f0a99ed0d9/go.mod h1:NWjESA0RyzL0ggjOJUoMLthvGtQBxmLlyLA7LScTWF0=
github.com/google/go-cmp v0.5.6 h1:BKbKCqvP6I+rmFHt06ZmyQtvB8xAkWdhFyr0ZUNZcxQ=
github.com/google/go-cmp v0.5.6/go.mod h1:v8dTdLbMG2kIc/vJvl+f65V22dbkXbowE6jgT/gNBxE=
golang.org/x/sys v0.0.0-20221013171732-95e765b1cc43/go.mod h1:oPkhp1MJrh7nUepCBck5+mAzfO9JrbApNNgaTdGDITg=
golang.org/x/sys v0.12.0 h1:CM0HF96J0hcLAwsHPJZjfdNzs0gftsLfgKt57wWHJ0o=
golang.org/x/sys v0.12.0/go.mod h1:oPkhp1MJrh7nUepCBck5+mAzfO9JrbApNNgaTdGDITg=
golang.org/x/xerrors v0.0.0-20191204190536-9bdfabe68543/go.mod h1:I/5z698sn9Ka8TeJc9MKroUUfqBBauWjQqLJ2OPfmY0=
golang.org/x/xerrors v0.0.0-20220907171357-04be3eba64a2 h1:H2TDz8ibqkAF6YGhCdN3jS9O0/s90v0rJh3X/OLHEUk=
golang.org/x/xerrors v0.0.0-20220907171357-04be3eba64a2/go.mod h1:K8+ghG5WaK9qNqU5K3HdILfMLy1f3aNYFI/wnl100a8=
