# This file is autogenerated, do not edit; changes may be undone by the next 'dep ensure'.


[[projects]]
  name = "github.com/BurntSushi/toml"
  packages = ["."]
  revision = "b26d9c308763d68093482582cea63d69be07a0f0"
  version = "v0.3.0"

[[projects]]
  branch = "master"
  name = "github.com/clmul/checksum"
  packages = ["."]
  revision = "711c60b98f5064a75668d23fb3e73b0542502f93"

[[projects]]
  branch = "master"
  name = "github.com/clmul/go-windivert"
  packages = ["."]
  revision = "64b4d488f20d290d72c6db2168829c0cc9e8a2b6"

[[projects]]
  branch = "master"
  name = "github.com/clmul/netstack"
  packages = ["."]
  revision = "f0b8d7cb2e2bef33a46cdedecb96a36dbc13f645"

[[projects]]
  branch = "master"
  name = "github.com/clmul/socks5"
  packages = ["."]
  revision = "1a1592f2b65ee33abe9c8c64ac010aa61f3ee980"

[[projects]]
  name = "github.com/clmul/water"
  packages = ["."]
  revision = "b776344a7f446db31287813186d5f8b332573639"
  version = "v0.0.1"

[[projects]]
  branch = "master"
  name = "github.com/google/netstack"
  packages = [
    "ilist",
    "sleep",
    "tcpip",
    "tcpip/buffer",
    "tcpip/header",
    "tcpip/network/fragmentation",
    "tcpip/network/hash",
    "tcpip/network/ipv4",
    "tcpip/ports",
    "tcpip/seqnum",
    "tcpip/stack",
    "tcpip/transport/tcp",
    "tcpip/transport/udp",
    "tmutex",
    "waiter"
  ]
  revision = "7120fac20a0811e662e74d6c209052966beae6d4"
  source = "github.com/fuchsia-mirror/third_party-netstack"

[[projects]]
  branch = "master"
  name = "github.com/kirves/godijkstra"
  packages = [
    "common/path",
    "common/structs",
    "dijkstra"
  ]
  revision = "950f727877299da9fc28c35c326fc13bcecf0edd"

[[projects]]
  name = "github.com/miekg/dns"
  packages = ["."]
  revision = "5a2b9fab83ff0f8bfc99684bd5f43a37abe560f1"
  version = "v1.0.8"

[[projects]]
  branch = "master"
  name = "golang.org/x/crypto"
  packages = [
    "ed25519",
    "ed25519/internal/edwards25519"
  ]
  revision = "df8d4716b3472e4a531c33cedbe537dae921a1a9"

[[projects]]
  branch = "master"
  name = "golang.org/x/net"
  packages = [
    "bpf",
    "icmp",
    "internal/iana",
    "internal/socket",
    "ipv4",
    "ipv6"
  ]
  revision = "1e491301e022f8f977054da4c2d852decd59571f"

[[projects]]
  branch = "master"
  name = "golang.org/x/sys"
  packages = [
    "unix",
    "windows"
  ]
  revision = "c11f84a56e43e20a78cee75a7c034031ecf57d1f"

[solve-meta]
  analyzer-name = "dep"
  analyzer-version = 1
  inputs-digest = "aef644b57bb90e3445d0e19c780d1fd53513983de8a87455cd2e28eb267b56a9"
  solver-name = "gps-cdcl"
  solver-version = 1
