# This file is autogenerated, do not edit; changes may be undone by the next 'dep ensure'.


[[projects]]
  name = "github.com/BurntSushi/toml"
  packages = ["."]
  revision = "b26d9c308763d68093482582cea63d69be07a0f0"
  version = "v0.3.0"

[[projects]]
  branch = "master"
  name = "github.com/clmul/checksum"
  packages = ["."]
  revision = "711c60b98f5064a75668d23fb3e73b0542502f93"

[[projects]]
  branch = "master"
  name = "github.com/clmul/go-windivert"
  packages = ["."]
  revision = "64b4d488f20d290d72c6db2168829c0cc9e8a2b6"

[[projects]]
  branch = "master"
  name = "github.com/clmul/netstack"
  packages = ["."]
  revision = "4a7b482af0902373c4bfef0186e4ab36d6fc7b00"

[[projects]]
  branch = "master"
  name = "github.com/clmul/socks5"
  packages = ["."]
  revision = "1a1592f2b65ee33abe9c8c64ac010aa61f3ee980"

[[projects]]
  name = "github.com/clmul/water"
  packages = ["."]
  revision = "b776344a7f446db31287813186d5f8b332573639"
  version = "v0.0.1"

[[projects]]
  branch = "master"
  name = "github.com/google/netstack"
  packages = [
    "ilist",
    "sleep",
    "tcpip",
    "tcpip/buffer",
    "tcpip/header",
    "tcpip/network/fragmentation",
    "tcpip/network/hash",
    "tcpip/network/ipv4",
    "tcpip/ports",
    "tcpip/seqnum",
    "tcpip/stack",
    "tcpip/transport/tcp",
    "tcpip/transport/udp",
    "tmutex",
    "waiter"
  ]
  revision = "c51f3e90ad701f7737bc57bc13b0e32c40f88bcb"
  source = "github.com/fuchsia-mirror/third_party-netstack"

[[projects]]
  branch = "master"
  name = "github.com/kirves/godijkstra"
  packages = [
    "common/path",
    "common/structs",
    "dijkstra"
  ]
  revision = "950f727877299da9fc28c35c326fc13bcecf0edd"

[[projects]]
  branch = "master"
  name = "github.com/miekg/dns"
  packages = ["."]
  revision = "350cd086d10de5abf283271115c7a33a94d778cd"

[[projects]]
  branch = "master"
  name = "golang.org/x/crypto"
  packages = [
    "ed25519",
    "ed25519/internal/edwards25519"
  ]
  revision = "1a580b3eff7814fc9b40602fd35256c63b50f491"

[[projects]]
  branch = "master"
  name = "golang.org/x/net"
  packages = [
    "bpf",
    "icmp",
    "internal/iana",
    "internal/socket",
    "ipv4",
    "ipv6"
  ]
  revision = "8e0cdda24ed423affc8f35c241e5e9b16180338e"

[[projects]]
  branch = "master"
  name = "golang.org/x/sys"
  packages = [
    "unix",
    "windows"
  ]
  revision = "7c87d13f8e835d2fb3a70a2912c811ed0c1d241b"

[solve-meta]
  analyzer-name = "dep"
  analyzer-version = 1
  inputs-digest = "aef644b57bb90e3445d0e19c780d1fd53513983de8a87455cd2e28eb267b56a9"
  solver-name = "gps-cdcl"
  solver-version = 1
