# This file is autogenerated, do not edit; changes may be undone by the next 'dep ensure'.


[[projects]]
  name = "github.com/BurntSushi/toml"
  packages = ["."]
  revision = "b26d9c308763d68093482582cea63d69be07a0f0"
  version = "v0.3.0"

[[projects]]
  branch = "master"
  name = "github.com/armon/go-socks5"
  packages = ["."]
  revision = "e75332964ef517daa070d7c38a9466a0d687e0a5"

[[projects]]
  branch = "master"
  name = "github.com/clmul/go-windivert"
  packages = ["."]
  revision = "64b4d488f20d290d72c6db2168829c0cc9e8a2b6"

[[projects]]
  branch = "master"
  name = "github.com/kirves/godijkstra"
  packages = [
    "common/path",
    "common/structs",
    "dijkstra"
  ]
  revision = "950f727877299da9fc28c35c326fc13bcecf0edd"

[[projects]]
  branch = "master"
  name = "github.com/songgao/water"
  packages = ["."]
  revision = "526bc721d41a9182a5163a6336cfd8022a69427b"
  source = "github.com/clmul/water"

[[projects]]
  branch = "master"
  name = "golang.org/x/net"
  packages = ["context"]
  revision = "309822c5b9b9f80db67f016069a12628d94fad34"

[[projects]]
  branch = "master"
  name = "golang.org/x/sys"
  packages = [
    "unix",
    "windows"
  ]
  revision = "3dbebcf8efb6a5011a60c2b4591c1022a759af8a"

[solve-meta]
  analyzer-name = "dep"
  analyzer-version = 1
  inputs-digest = "f6cf55f055a37fcfb1a5be0cb2512a32bbb8fe66b5693e1c82ff29aee38502d5"
  solver-name = "gps-cdcl"
  solver-version = 1
